
Microsoft Visual Studio Solution File, Format Version 12.00
Project("{FAE04EC0-301F-11D3-BF4B-00C04F79EFBC}") = "ConsoleApp", "ConsoleApp\ConsoleApp.csproj", "{EAF4A481-01B6-4AF3-8796-111E42A3E4FC}"
EndProject
Project("{FAE04EC0-301F-11D3-BF4B-00C04F79EFBC}") = "MenuSystem", "MenuSystem\MenuSystem.csproj", "{A153FB0C-D6FD-48C0-8725-0B9777E49A55}"
EndProject
Project("{FAE04EC0-301F-11D3-BF4B-00C04F79EFBC}") = "BLL", "BLL\BLL.csproj", "{106EC7FE-DD55-4A0D-9534-9E8CD8280728}"
EndProject
Project("{FAE04EC0-301F-11D3-BF4B-00C04F79EFBC}") = "ConsoleUI", "ConsoleUI\ConsoleUI.csproj", "{6AE98CE8-E07F-47B0-A849-C75ACC114318}"
EndProject
Project("{FAE04EC0-301F-11D3-BF4B-00C04F79EFBC}") = "ConsoleAppDbTest", "ConsoleAppDbTest\ConsoleAppDbTest.csproj", "{5BB69C02-58AB-4BDD-9125-9DC648472C0F}"
EndProject
Global
	GlobalSection(SolutionConfigurationPlatforms) = preSolution
		Debug|Any CPU = Debug|Any CPU
		Release|Any CPU = Release|Any CPU
	EndGlobalSection
	GlobalSection(ProjectConfigurationPlatforms) = postSolution
		{EAF4A481-01B6-4AF3-8796-111E42A3E4FC}.Debug|Any CPU.ActiveCfg = Debug|Any CPU
		{EAF4A481-01B6-4AF3-8796-111E42A3E4FC}.Debug|Any CPU.Build.0 = Debug|Any CPU
		{EAF4A481-01B6-4AF3-8796-111E42A3E4FC}.Release|Any CPU.ActiveCfg = Release|Any CPU
		{EAF4A481-01B6-4AF3-8796-111E42A3E4FC}.Release|Any CPU.Build.0 = Release|Any CPU
		{A153FB0C-D6FD-48C0-8725-0B9777E49A55}.Debug|Any CPU.ActiveCfg = Debug|Any CPU
		{A153FB0C-D6FD-48C0-8725-0B9777E49A55}.Debug|Any CPU.Build.0 = Debug|Any CPU
		{A153FB0C-D6FD-48C0-8725-0B9777E49A55}.Release|Any CPU.ActiveCfg = Release|Any CPU
		{A153FB0C-D6FD-48C0-8725-0B9777E49A55}.Release|Any CPU.Build.0 = Release|Any CPU
		{106EC7FE-DD55-4A0D-9534-9E8CD8280728}.Debug|Any CPU.ActiveCfg = Debug|Any CPU
		{106EC7FE-DD55-4A0D-9534-9E8CD8280728}.Debug|Any CPU.Build.0 = Debug|Any CPU
		{106EC7FE-DD55-4A0D-9534-9E8CD8280728}.Release|Any CPU.ActiveCfg = Release|Any CPU
		{106EC7FE-DD55-4A0D-9534-9E8CD8280728}.Release|Any CPU.Build.0 = Release|Any CPU
		{6AE98CE8-E07F-47B0-A849-C75ACC114318}.Debug|Any CPU.ActiveCfg = Debug|Any CPU
		{6AE98CE8-E07F-47B0-A849-C75ACC114318}.Debug|Any CPU.Build.0 = Debug|Any CPU
		{6AE98CE8-E07F-47B0-A849-C75ACC114318}.Release|Any CPU.ActiveCfg = Release|Any CPU
		{6AE98CE8-E07F-47B0-A849-C75ACC114318}.Release|Any CPU.Build.0 = Release|Any CPU
		{5BB69C02-58AB-4BDD-9125-9DC648472C0F}.Debug|Any CPU.ActiveCfg = Debug|Any CPU
		{5BB69C02-58AB-4BDD-9125-9DC648472C0F}.Debug|Any CPU.Build.0 = Debug|Any CPU
		{5BB69C02-58AB-4BDD-9125-9DC648472C0F}.Release|Any CPU.ActiveCfg = Release|Any CPU
		{5BB69C02-58AB-4BDD-9125-9DC648472C0F}.Release|Any CPU.Build.0 = Release|Any CPU
	EndGlobalSection
EndGlobal
