
Microsoft Visual Studio Solution File, Format Version 12.00
Project("{FAE04EC0-301F-11D3-BF4B-00C04F79EFBC}") = "WebApp", "WebApp\WebApp.csproj", "{D3BD517A-6271-4B38-B017-6560B95FBC03}"
EndProject
Project("{2150E333-8FDC-42A3-9474-1A3956D46DE8}") = "SolutionFolder", "SolutionFolder", "{1E21C2BC-7831-4A9A-B0DB-C989C0DCD430}"
	ProjectSection(SolutionItems) = preProject
		..\..\RiderProjects\icd0008-exam-master\Directory.Build.props = ..\..\RiderProjects\icd0008-exam-master\Directory.Build.props
		..\..\RiderProjects\icd0008-exam-master\README.md = ..\..\RiderProjects\icd0008-exam-master\README.md
		REQUIREMENTS.md = REQUIREMENTS.md
	EndProjectSection
EndProject
Project("{FAE04EC0-301F-11D3-BF4B-00C04F79EFBC}") = "Domain", "Domain\Domain.csproj", "{5B100845-5DEC-46E3-BEFF-F48961D5A110}"
EndProject
Project("{FAE04EC0-301F-11D3-BF4B-00C04F79EFBC}") = "DAL", "DAL\DAL.csproj", "{5FDBA1B5-3E86-4DAB-A8B3-4A897F2D241D}"
EndProject
Global
	GlobalSection(SolutionConfigurationPlatforms) = preSolution
		Debug|Any CPU = Debug|Any CPU
		Debug|x64 = Debug|x64
		Debug|x86 = Debug|x86
		Release|Any CPU = Release|Any CPU
		Release|x64 = Release|x64
		Release|x86 = Release|x86
	EndGlobalSection
	GlobalSection(ProjectConfigurationPlatforms) = postSolution
		{D3BD517A-6271-4B38-B017-6560B95FBC03}.Debug|Any CPU.ActiveCfg = Debug|Any CPU
		{D3BD517A-6271-4B38-B017-6560B95FBC03}.Debug|Any CPU.Build.0 = Debug|Any CPU
		{D3BD517A-6271-4B38-B017-6560B95FBC03}.Debug|x64.ActiveCfg = Debug|Any CPU
		{D3BD517A-6271-4B38-B017-6560B95FBC03}.Debug|x64.Build.0 = Debug|Any CPU
		{D3BD517A-6271-4B38-B017-6560B95FBC03}.Debug|x86.ActiveCfg = Debug|Any CPU
		{D3BD517A-6271-4B38-B017-6560B95FBC03}.Debug|x86.Build.0 = Debug|Any CPU
		{D3BD517A-6271-4B38-B017-6560B95FBC03}.Release|Any CPU.ActiveCfg = Release|Any CPU
		{D3BD517A-6271-4B38-B017-6560B95FBC03}.Release|Any CPU.Build.0 = Release|Any CPU
		{D3BD517A-6271-4B38-B017-6560B95FBC03}.Release|x64.ActiveCfg = Release|Any CPU
		{D3BD517A-6271-4B38-B017-6560B95FBC03}.Release|x64.Build.0 = Release|Any CPU
		{D3BD517A-6271-4B38-B017-6560B95FBC03}.Release|x86.ActiveCfg = Release|Any CPU
		{D3BD517A-6271-4B38-B017-6560B95FBC03}.Release|x86.Build.0 = Release|Any CPU
		{5B100845-5DEC-46E3-BEFF-F48961D5A110}.Debug|Any CPU.ActiveCfg = Debug|Any CPU
		{5B100845-5DEC-46E3-BEFF-F48961D5A110}.Debug|Any CPU.Build.0 = Debug|Any CPU
		{5B100845-5DEC-46E3-BEFF-F48961D5A110}.Debug|x64.ActiveCfg = Debug|Any CPU
		{5B100845-5DEC-46E3-BEFF-F48961D5A110}.Debug|x64.Build.0 = Debug|Any CPU
		{5B100845-5DEC-46E3-BEFF-F48961D5A110}.Debug|x86.ActiveCfg = Debug|Any CPU
		{5B100845-5DEC-46E3-BEFF-F48961D5A110}.Debug|x86.Build.0 = Debug|Any CPU
		{5B100845-5DEC-46E3-BEFF-F48961D5A110}.Release|Any CPU.ActiveCfg = Release|Any CPU
		{5B100845-5DEC-46E3-BEFF-F48961D5A110}.Release|Any CPU.Build.0 = Release|Any CPU
		{5B100845-5DEC-46E3-BEFF-F48961D5A110}.Release|x64.ActiveCfg = Release|Any CPU
		{5B100845-5DEC-46E3-BEFF-F48961D5A110}.Release|x64.Build.0 = Release|Any CPU
		{5B100845-5DEC-46E3-BEFF-F48961D5A110}.Release|x86.ActiveCfg = Release|Any CPU
		{5B100845-5DEC-46E3-BEFF-F48961D5A110}.Release|x86.Build.0 = Release|Any CPU
		{5FDBA1B5-3E86-4DAB-A8B3-4A897F2D241D}.Debug|Any CPU.ActiveCfg = Debug|Any CPU
		{5FDBA1B5-3E86-4DAB-A8B3-4A897F2D241D}.Debug|Any CPU.Build.0 = Debug|Any CPU
		{5FDBA1B5-3E86-4DAB-A8B3-4A897F2D241D}.Debug|x64.ActiveCfg = Debug|Any CPU
		{5FDBA1B5-3E86-4DAB-A8B3-4A897F2D241D}.Debug|x64.Build.0 = Debug|Any CPU
		{5FDBA1B5-3E86-4DAB-A8B3-4A897F2D241D}.Debug|x86.ActiveCfg = Debug|Any CPU
		{5FDBA1B5-3E86-4DAB-A8B3-4A897F2D241D}.Debug|x86.Build.0 = Debug|Any CPU
		{5FDBA1B5-3E86-4DAB-A8B3-4A897F2D241D}.Release|Any CPU.ActiveCfg = Release|Any CPU
		{5FDBA1B5-3E86-4DAB-A8B3-4A897F2D241D}.Release|Any CPU.Build.0 = Release|Any CPU
		{5FDBA1B5-3E86-4DAB-A8B3-4A897F2D241D}.Release|x64.ActiveCfg = Release|Any CPU
		{5FDBA1B5-3E86-4DAB-A8B3-4A897F2D241D}.Release|x64.Build.0 = Release|Any CPU
		{5FDBA1B5-3E86-4DAB-A8B3-4A897F2D241D}.Release|x86.ActiveCfg = Release|Any CPU
		{5FDBA1B5-3E86-4DAB-A8B3-4A897F2D241D}.Release|x86.Build.0 = Release|Any CPU
	EndGlobalSection
	GlobalSection(SolutionProperties) = preSolution
		HideSolutionNode = FALSE
	EndGlobalSection
EndGlobal
